
Microsoft Visual Studio Solution File, Format Version 12.00
# Visual Studio Version 16
VisualStudioVersion = 16.0.33130.400
MinimumVisualStudioVersion = 10.0.40219.1
Project("{F184B08F-C81C-45F6-A57F-5ABD9991F28F}") = "SistemaClinica", "SistemaClinica\SistemaClinica.vbproj", "{2D85CE32-418F-4551-98F3-2BB4EF7DF80F}"
EndProject
Global
	GlobalSection(SolutionConfigurationPlatforms) = preSolution
		Debug|Any CPU = Debug|Any CPU
		Release|Any CPU = Release|Any CPU
	EndGlobalSection
	GlobalSection(ProjectConfigurationPlatforms) = postSolution
		{2D85CE32-418F-4551-98F3-2BB4EF7DF80F}.Debug|Any CPU.ActiveCfg = Debug|Any CPU
		{2D85CE32-418F-4551-98F3-2BB4EF7DF80F}.Debug|Any CPU.Build.0 = Debug|Any CPU
		{2D85CE32-418F-4551-98F3-2BB4EF7DF80F}.Release|Any CPU.ActiveCfg = Release|Any CPU
		{2D85CE32-418F-4551-98F3-2BB4EF7DF80F}.Release|Any CPU.Build.0 = Release|Any CPU
	EndGlobalSection
	GlobalSection(SolutionProperties) = preSolution
		HideSolutionNode = FALSE
	EndGlobalSection
	GlobalSection(ExtensibilityGlobals) = postSolution
		SolutionGuid = {C23A8F2B-5BE8-4659-BB6D-502F3EC54FF0}
	EndGlobalSection
EndGlobal
